schema: '2.0'
stages:
  transform:
    cmd: python3 transform.py
    deps:
    - path: data/tested.csv
      hash: md5
      md5: a9fab5d963c8459300dbd5693e295e50
      size: 29474
    - path: transform.py
      hash: md5
      md5: 005c0433247f59fc1dc89609878f2060
      size: 425
    outs:
    - path: data/processed_data.csv
      hash: md5
      md5: dc519aed718be5dcc9bac0e11fa2dbbf
      size: 35111
  train:
    cmd: python3 train.py
    deps:
    - path: data/processed_data.csv
      hash: md5
      md5: dc519aed718be5dcc9bac0e11fa2dbbf
      size: 35111
    - path: train.py
      hash: md5
      md5: eaac4bca5d5603f305bf36b663199a37
      size: 1378
    outs:
    - path: model/logreg_model.pkl
      hash: md5
      md5: 9ba2a42b77bf6a7e7da4d3f0d0231088
      size: 1327
